# THIS IS AN AUTOGENERATED FILE. DO NOT EDIT THIS FILE DIRECTLY.
# yarn lockfile v1


leaflet-gesture-handling@^1.2.1:
  version "1.2.1"
  resolved "https://registry.yarnpkg.com/leaflet-gesture-handling/-/leaflet-gesture-handling-1.2.1.tgz#d88c9524be8a971a088b6a136b4f292d3016dae8"
  integrity sha512-MEod/3BmosTud0n/sw3iUecnOUDBz2U21gzwaOZS62voaNRkMj4Sm3XPjtnmivyMgYYF0tRHCMfVEYwcRsprUg==

vue2-leaflet@^2.5.2:
  version "2.5.2"
  resolved "https://registry.yarnpkg.com/vue2-leaflet/-/vue2-leaflet-2.5.2.tgz#b89c056fe741c7ce7cb9df5aca90809092e5eb8d"
  integrity sha512-9eN0TxqCkyXbaI7waO3u+n0OAezkxjb811tstG6gRLAZy/ocXlNLC3JqTWE0FwBUlqBbMpyzsIk6LrEhs8oVBQ==
